
Microsoft Visual Studio Solution File, Format Version 12.00
# Visual Studio Version 16
VisualStudioVersion = 16.0.29926.136
MinimumVisualStudioVersion = 10.0.40219.1
Project("{FAE04EC0-301F-11D3-BF4B-00C04F79EFBC}") = "EmployeeHealthRecord", "EmployeeHealthRecord\EmployeeHealthRecord.csproj", "{549796A5-A9EF-4342-95B7-677B95F9D5E7}"
EndProject
Project("{9A19103F-16F7-4668-BE54-9A1E7A4F7556}") = "UnitTestOfEmployeeHealthRecord", "..\UnitTestOfEmployeeHealthRecord\UnitTestOfEmployeeHealthRecord.csproj", "{5586B5A8-3F22-4801-8879-F1115DE9702C}"
EndProject
Project("{FAE04EC0-301F-11D3-BF4B-00C04F79EFBC}") = "WindowsFormsApp", "WindowsFormsApp.csproj", "{06C820FC-8DCD-4B42-98A5-1BE794165D1D}"
EndProject
Project("{FAE04EC0-301F-11D3-BF4B-00C04F79EFBC}") = "XUnitTest_IntegrationTest", "..\XUnitTest_IntegrationTest\XUnitTest_IntegrationTest.csproj", "{CE3FF555-7120-419C-BADE-8BD450A1C721}"
EndProject
Global
	GlobalSection(SolutionConfigurationPlatforms) = preSolution
		Debug|Any CPU = Debug|Any CPU
		Release|Any CPU = Release|Any CPU
	EndGlobalSection
	GlobalSection(ProjectConfigurationPlatforms) = postSolution
		{549796A5-A9EF-4342-95B7-677B95F9D5E7}.Debug|Any CPU.ActiveCfg = Debug|Any CPU
		{549796A5-A9EF-4342-95B7-677B95F9D5E7}.Debug|Any CPU.Build.0 = Debug|Any CPU
		{549796A5-A9EF-4342-95B7-677B95F9D5E7}.Release|Any CPU.ActiveCfg = Release|Any CPU
		{549796A5-A9EF-4342-95B7-677B95F9D5E7}.Release|Any CPU.Build.0 = Release|Any CPU
		{5586B5A8-3F22-4801-8879-F1115DE9702C}.Debug|Any CPU.ActiveCfg = Debug|Any CPU
		{5586B5A8-3F22-4801-8879-F1115DE9702C}.Debug|Any CPU.Build.0 = Debug|Any CPU
		{5586B5A8-3F22-4801-8879-F1115DE9702C}.Release|Any CPU.ActiveCfg = Release|Any CPU
		{5586B5A8-3F22-4801-8879-F1115DE9702C}.Release|Any CPU.Build.0 = Release|Any CPU
		{06C820FC-8DCD-4B42-98A5-1BE794165D1D}.Debug|Any CPU.ActiveCfg = Debug|Any CPU
		{06C820FC-8DCD-4B42-98A5-1BE794165D1D}.Debug|Any CPU.Build.0 = Debug|Any CPU
		{06C820FC-8DCD-4B42-98A5-1BE794165D1D}.Release|Any CPU.ActiveCfg = Release|Any CPU
		{06C820FC-8DCD-4B42-98A5-1BE794165D1D}.Release|Any CPU.Build.0 = Release|Any CPU
		{CE3FF555-7120-419C-BADE-8BD450A1C721}.Debug|Any CPU.ActiveCfg = Debug|Any CPU
		{CE3FF555-7120-419C-BADE-8BD450A1C721}.Debug|Any CPU.Build.0 = Debug|Any CPU
		{CE3FF555-7120-419C-BADE-8BD450A1C721}.Release|Any CPU.ActiveCfg = Release|Any CPU
		{CE3FF555-7120-419C-BADE-8BD450A1C721}.Release|Any CPU.Build.0 = Release|Any CPU
	EndGlobalSection
	GlobalSection(SolutionProperties) = preSolution
		HideSolutionNode = FALSE
	EndGlobalSection
	GlobalSection(ExtensibilityGlobals) = postSolution
		SolutionGuid = {8A8CF98D-5942-4868-8112-A095A858E96F}
	EndGlobalSection
EndGlobal
